
Microsoft Visual Studio Solution File, Format Version 12.00
# Visual Studio 15
VisualStudioVersion = 15.0.28307.960
MinimumVisualStudioVersion = 10.0.40219.1
Project("{FAE04EC0-301F-11D3-BF4B-00C04F79EFBC}") = "1988216", "1988216\1988216.csproj", "{AD312702-E4A9-4849-B52B-58B6B1B94BAE}"
EndProject
Global
	GlobalSection(SolutionConfigurationPlatforms) = preSolution
		Debug|Any CPU = Debug|Any CPU
		Release|Any CPU = Release|Any CPU
	EndGlobalSection
	GlobalSection(ProjectConfigurationPlatforms) = postSolution
		{AD312702-E4A9-4849-B52B-58B6B1B94BAE}.Debug|Any CPU.ActiveCfg = Debug|Any CPU
		{AD312702-E4A9-4849-B52B-58B6B1B94BAE}.Debug|Any CPU.Build.0 = Debug|Any CPU
		{AD312702-E4A9-4849-B52B-58B6B1B94BAE}.Release|Any CPU.ActiveCfg = Release|Any CPU
		{AD312702-E4A9-4849-B52B-58B6B1B94BAE}.Release|Any CPU.Build.0 = Release|Any CPU
	EndGlobalSection
	GlobalSection(SolutionProperties) = preSolution
		HideSolutionNode = FALSE
	EndGlobalSection
	GlobalSection(ExtensibilityGlobals) = postSolution
		SolutionGuid = {FAFEC18D-62FB-4903-8080-8F3EC9DAF47E}
	EndGlobalSection
EndGlobal
